// !$*UTF8*$!
{
	archiveVersion = 1;
	classes = {
	};
	objectVersion = 50;
	objects = {

/* Begin PBXBuildFile section */
		C3948B1C20D57AB1004179C3 /* AppDelegate.m in Sources */ = {isa = PBXBuildFile; fileRef = C3948B1B20D57AB1004179C3 /* AppDelegate.m */; };
		C3948B1F20D57AB1004179C3 /* ViewController.m in Sources */ = {isa = PBXBuildFile; fileRef = C3948B1E20D57AB1004179C3 /* ViewController.m */; };
		C3948B2220D57AB1004179C3 /* Main.storyboard in Resources */ = {isa = PBXBuildFile; fileRef = C3948B2020D57AB1004179C3 /* Main.storyboard */; };
		C3948B2420D57AB3004179C3 /* Assets.xcassets in Resources */ = {isa = PBXBuildFile; fileRef = C3948B2320D57AB3004179C3 /* Assets.xcassets */; };
		C3948B2720D57AB3004179C3 /* LaunchScreen.storyboard in Resources */ = {isa = PBXBuildFile; fileRef = C3948B2520D57AB3004179C3 /* LaunchScreen.storyboard */; };
		C3948B2A20D57AB3004179C3 /* main.m in Sources */ = {isa = PBXBuildFile; fileRef = C3948B2920D57AB3004179C3 /* main.m */; };
/* End PBXBuildFile section */

/* Begin PBXFileReference section */
		C3948B1720D57AB1004179C3 /* Custom-Tip-Calculator.app */ = {isa = PBXFileReference; explicitFileType = wrapper.application; includeInIndex = 0; path = "Custom-Tip-Calculator.app"; sourceTree = BUILT_PRODUCTS_DIR; };
		C3948B1A20D57AB1004179C3 /* AppDelegate.h */ = {isa = PBXFileReference; lastKnownFileType = sourcecode.c.h; path = AppDelegate.h; sourceTree = "<group>"; };
		C3948B1B20D57AB1004179C3 /* AppDelegate.m */ = {isa = PBXFileReference; lastKnownFileType = sourcecode.c.objc; path = AppDelegate.m; sourceTree = "<group>"; };
		C3948B1D20D57AB1004179C3 /* ViewController.h */ = {isa = PBXFileReference; lastKnownFileType = sourcecode.c.h; path = ViewController.h; sourceTree = "<group>"; };
		C3948B1E20D57AB1004179C3 /* ViewController.m */ = {isa = PBXFileReference; lastKnownFileType = sourcecode.c.objc; path = ViewController.m; sourceTree = "<group>"; };
		C3948B2120D57AB1004179C3 /* Base */ = {isa = PBXFileReference; lastKnownFileType = file.storyboard; name = Base; path = Base.lproj/Main.storyboard; sourceTree = "<group>"; };
		C3948B2320D57AB3004179C3 /* Assets.xcassets */ = {isa = PBXFileReference; lastKnownFileType = folder.assetcatalog; path = Assets.xcassets; sourceTree = "<group>"; };
		C3948B2620D57AB3004179C3 /* Base */ = {isa = PBXFileReference; lastKnownFileType = file.storyboard; name = Base; path = Base.lproj/LaunchScreen.storyboard; sourceTree = "<group>"; };
		C3948B2820D57AB3004179C3 /* Info.plist */ = {isa = PBXFileReference; lastKnownFileType = text.plist.xml; path = Info.plist; sourceTree = "<group>"; };
		C3948B2920D57AB3004179C3 /* main.m */ = {isa = PBXFileReference; lastKnownFileType = sourcecode.c.objc; path = main.m; sourceTree = "<group>"; };
/* End PBXFileReference section */

/* Begin PBXFrameworksBuildPhase section */
		C3948B1420D57AB1004179C3 /* Frameworks */ = {
			isa = PBXFrameworksBuildPhase;
			buildActionMask = 2147483647;
			files = (
			);
			runOnlyForDeploymentPostprocessing = 0;
		};
/* End PBXFrameworksBuildPhase section */

/* Begin PBXGroup section */
		C3948B0E20D57AB1004179C3 = {
			isa = PBXGroup;
			children = (
				C3948B1920D57AB1004179C3 /* Custom-Tip-Calculator */,
				C3948B1820D57AB1004179C3 /* Products */,
			);
			sourceTree = "<group>";
		};
		C3948B1820D57AB1004179C3 /* Products */ = {
			isa = PBXGroup;
			children = (
				C3948B1720D57AB1004179C3 /* Custom-Tip-Calculator.app */,
			);
			name = Products;
			sourceTree = "<group>";
		};
		C3948B1920D57AB1004179C3 /* Custom-Tip-Calculator */ = {
			isa = PBXGroup;
			children = (
				C3948B1A20D57AB1004179C3 /* AppDelegate.h */,
				C3948B1B20D57AB1004179C3 /* AppDelegate.m */,
				C3948B1D20D57AB1004179C3 /* ViewController.h */,
				C3948B1E20D57AB1004179C3 /* ViewController.m */,
				C3948B2020D57AB1004179C3 /* Main.storyboard */,
				C3948B2320D57AB3004179C3 /* Assets.xcassets */,
				C3948B2520D57AB3004179C3 /* LaunchScreen.storyboard */,
				C3948B2820D57AB3004179C3 /* Info.plist */,
				C3948B2920D57AB3004179C3 /* main.m */,
			);
			path = "Custom-Tip-Calculator";
			sourceTree = "<group>";
		};
/* End PBXGroup section */

/* Begin PBXNativeTarget section */
		C3948B1620D57AB1004179C3 /* Custom-Tip-Calculator */ = {
			isa = PBXNativeTarget;
			buildConfigurationList = C3948B2D20D57AB3004179C3 /* Build configuration list for PBXNativeTarget "Custom-Tip-Calculator" */;
			buildPhases = (
				C3948B1320D57AB1004179C3 /* Sources */,
				C3948B1420D57AB1004179C3 /* Frameworks */,
				C3948B1520D57AB1004179C3 /* Resources */,
			);
			buildRules = (
			);
			dependencies = (
			);
			name = "Custom-Tip-Calculator";
			productName = "Custom-Tip-Calculator";
			productReference = C3948B1720D57AB1004179C3 /* Custom-Tip-Calculator.app */;
			productType = "com.apple.product-type.application";
		};
/* End PBXNativeTarget section */

/* Begin PBXProject section */
		C3948B0F20D57AB1004179C3 /* Project object */ = {
			isa = PBXProject;
			attributes = {
				LastUpgradeCheck = 0940;
				ORGANIZATIONNAME = "Erik Goossens";
				TargetAttributes = {
					C3948B1620D57AB1004179C3 = {
						CreatedOnToolsVersion = 9.4;
					};
				};
			};
			buildConfigurationList = C3948B1220D57AB1004179C3 /* Build configuration list for PBXProject "Custom-Tip-Calculator" */;
			compatibilityVersion = "Xcode 9.3";
			developmentRegion = en;
			hasScannedForEncodings = 0;
			knownRegions = (
				en,
				Base,
			);
			mainGroup = C3948B0E20D57AB1004179C3;
			productRefGroup = C3948B1820D57AB1004179C3 /* Products */;
			projectDirPath = "";
			projectRoot = "";
			targets = (
				C3948B1620D57AB1004179C3 /* Custom-Tip-Calculator */,
			);
		};
/* End PBXProject section */

/* Begin PBXResourcesBuildPhase section */
		C3948B1520D57AB1004179C3 /* Resources */ = {
			isa = PBXResourcesBuildPhase;
			buildActionMask = 2147483647;
			files = (
				C3948B2720D57AB3004179C3 /* LaunchScreen.storyboard in Resources */,
				C3948B2420D57AB3004179C3 /* Assets.xcassets in Resources */,
				C3948B2220D57AB1004179C3 /* Main.storyboard in Resources */,
			);
			runOnlyForDeploymentPostprocessing = 0;
		};
/* End PBXResourcesBuildPhase section */

/* Begin PBXSourcesBuildPhase section */
		C3948B1320D57AB1004179C3 /* Sources */ = {
			isa = PBXSourcesBuildPhase;
			buildActionMask = 2147483647;
			files = (
				C3948B1F20D57AB1004179C3 /* ViewController.m in Sources */,
				C3948B2A20D57AB3004179C3 /* main.m in Sources */,
				C3948B1C20D57AB1004179C3 /* AppDelegate.m in Sources */,
			);
			runOnlyForDeploymentPostprocessing = 0;
		};
/* End PBXSourcesBuildPhase section */

/* Begin PBXVariantGroup section */
		C3948B2020D57AB1004179C3 /* Main.storyboard */ = {
			isa = PBXVariantGroup;
			children = (
				C3948B2120D57AB1004179C3 /* Base */,
			);
			name = Main.storyboard;
			sourceTree = "<group>";
		};
		C3948B2520D57AB3004179C3 /* LaunchScreen.storyboard */ = {
			isa = PBXVariantGroup;
			children = (
				C3948B2620D57AB3004179C3 /* Base */,
			);
			name = LaunchScreen.storyboard;
			sourceTree = "<group>";
		};
/* End PBXVariantGroup section */

/* Begin XCBuildConfiguration section */
		C3948B2B20D57AB3004179C3 /* Debug */ = {
			isa = XCBuildConfiguration;
			buildSettings = {
				ALWAYS_SEARCH_USER_PATHS = NO;
				CLANG_ANALYZER_NONNULL = YES;
				CLANG_ANALYZER_NUMBER_OBJECT_CONVERSION = YES_AGGRESSIVE;
				CLANG_CXX_LANGUAGE_STANDARD = "gnu++14";
				CLANG_CXX_LIBRARY = "libc++";
				CLANG_ENABLE_MODULES = YES;
				CLANG_ENABLE_OBJC_ARC = YES;
				CLANG_ENABLE_OBJC_WEAK = YES;
				CLANG_WARN_BLOCK_CAPTURE_AUTORELEASING = YES;
				CLANG_WARN_BOOL_CONVERSION = YES;
				CLANG_WARN_COMMA = YES;
				CLANG_WARN_CONSTANT_CONVERSION = YES;
				CLANG_WARN_DEPRECATED_OBJC_IMPLEMENTATIONS = YES;
				CLANG_WARN_DIRECT_OBJC_ISA_USAGE = YES_ERROR;
				CLANG_WARN_DOCUMENTATION_COMMENTS = YES;
				CLANG_WARN_EMPTY_BODY = YES;
				CLANG_WARN_ENUM_CONVERSION = YES;
				CLANG_WARN_INFINITE_RECURSION = YES;
				CLANG_WARN_INT_CONVERSION = YES;
				CLANG_WARN_NON_LITERAL_NULL_CONVERSION = YES;
				CLANG_WARN_OBJC_IMPLICIT_RETAIN_SELF = YES;
				CLANG_WARN_OBJC_LITERAL_CONVERSION = YES;
				CLANG_WARN_OBJC_ROOT_CLASS = YES_ERROR;
				CLANG_WARN_RANGE_LOOP_ANALYSIS = YES;
				CLANG_WARN_STRICT_PROTOTYPES = YES;
				CLANG_WARN_SUSPICIOUS_MOVE = YES;
				CLANG_WARN_UNGUARDED_AVAILABILITY = YES_AGGRESSIVE;
				CLANG_WARN_UNREACHABLE_CODE = YES;
				CLANG_WARN__DUPLICATE_METHOD_MATCH = YES;
				CODE_SIGN_IDENTITY = "iPhone Developer";
				COPY_PHASE_STRIP = NO;
				DEBUG_INFORMATION_FORMAT = dwarf;
				ENABLE_STRICT_OBJC_MSGSEND = YES;
				ENABLE_TESTABILITY = YES;
				GCC_C_LANGUAGE_STANDARD = gnu11;
				GCC_DYNAMIC_NO_PIC = NO;
				GCC_NO_COMMON_BLOCKS = YES;
				GCC_OPTIMIZATION_LEVEL = 0;
				GCC_PREPROCESSOR_DEFINITIONS = (
					"DEBUG=1",
					"$(inherited)",
				);
				GCC_WARN_64_TO_32_BIT_CONVERSION = YES;
				GCC_WARN_ABOUT_RETURN_TYPE = YES_ERROR;
				GCC_WARN_UNDECLARED_SELECTOR = YES;
				GCC_WARN_UNINITIALIZED_AUTOS = YES_AGGRESSIVE;
				GCC_WARN_UNUSED_FUNCTION = YES;
				GCC_WARN_UNUSED_VARIABLE = YES;
				IPHONEOS_DEPLOYMENT_TARGET = 11.4;
				MTL_ENABLE_DEBUG_INFO = YES;
				ONLY_ACTIVE_ARCH = YES;
				SDKROOT = iphoneos;
			};
			name = Debug;
		};
		C3948B2C20D57AB3004179C3 /* Release */ = {
			isa = XCBuildConfiguration;
			buildSettings = {
				ALWAYS_SEARCH_USER_PATHS = NO;
				CLANG_ANALYZER_NONNULL = YES;
				CLANG_ANALYZER_NUMBER_OBJECT_CONVERSION = YES_AGGRESSIVE;
				CLANG_CXX_LANGUAGE_STANDARD = "gnu++14";
				CLANG_CXX_LIBRARY = "libc++";
				CLANG_ENABLE_MODULES = YES;
				CLANG_ENABLE_OBJC_ARC = YES;
				CLANG_ENABLE_OBJC_WEAK = YES;
				CLANG_WARN_BLOCK_CAPTURE_AUTORELEASING = YES;
				CLANG_WARN_BOOL_CONVERSION = YES;
				CLANG_WARN_COMMA = YES;
				CLANG_WARN_CONSTANT_CONVERSION = YES;
				CLANG_WARN_DEPRECATED_OBJC_IMPLEMENTATIONS = YES;
				CLANG_WARN_DIRECT_OBJC_ISA_USAGE = YES_ERROR;
				CLANG_WARN_DOCUMENTATION_COMMENTS = YES;
				CLANG_WARN_EMPTY_BODY = YES;
				CLANG_WARN_ENUM_CONVERSION = YES;
				CLANG_WARN_INFINITE_RECURSION = YES;
				CLANG_WARN_INT_CONVERSION = YES;
				CLANG_WARN_NON_LITERAL_NULL_CONVERSION = YES;
				CLANG_WARN_OBJC_IMPLICIT_RETAIN_SELF = YES;
				CLANG_WARN_OBJC_LITERAL_CONVERSION = YES;
				CLANG_WARN_OBJC_ROOT_CLASS = YES_ERROR;
				CLANG_WARN_RANGE_LOOP_ANALYSIS = YES;
				CLANG_WARN_STRICT_PROTOTYPES = YES;
				CLANG_WARN_SUSPICIOUS_MOVE = YES;
				CLANG_WARN_UNGUARDED_AVAILABILITY = YES_AGGRESSIVE;
				CLANG_WARN_UNREACHABLE_CODE = YES;
				CLANG_WARN__DUPLICATE_METHOD_MATCH = YES;
				CODE_SIGN_IDENTITY = "iPhone Developer";
				COPY_PHASE_STRIP = NO;
				DEBUG_INFORMATION_FORMAT = "dwarf-with-dsym";
				ENABLE_NS_ASSERTIONS = NO;
				ENABLE_STRICT_OBJC_MSGSEND = YES;
				GCC_C_LANGUAGE_STANDARD = gnu11;
				GCC_NO_COMMON_BLOCKS = YES;
				GCC_WARN_64_TO_32_BIT_CONVERSION = YES;
				GCC_WARN_ABOUT_RETURN_TYPE = YES_ERROR;
				GCC_WARN_UNDECLARED_SELECTOR = YES;
				GCC_WARN_UNINITIALIZED_AUTOS = YES_AGGRESSIVE;
				GCC_WARN_UNUSED_FUNCTION = YES;
				GCC_WARN_UNUSED_VARIABLE = YES;
				IPHONEOS_DEPLOYMENT_TARGET = 11.4;
				MTL_ENABLE_DEBUG_INFO = NO;
				SDKROOT = iphoneos;
				VALIDATE_PRODUCT = YES;
			};
			name = Release;
		};
		C3948B2E20D57AB3004179C3 /* Debug */ = {
			isa = XCBuildConfiguration;
			buildSettings = {
				ASSETCATALOG_COMPILER_APPICON_NAME = AppIcon;
				CODE_SIGN_STYLE = Automatic;
				INFOPLIST_FILE = "Custom-Tip-Calculator/Info.plist";
				LD_RUNPATH_SEARCH_PATHS = (
					"$(inherited)",
					"@executable_path/Frameworks",
				);
				PRODUCT_BUNDLE_IDENTIFIER = "com.ErikGoossens.Custom-Tip-Calculator";
				PRODUCT_NAME = "$(TARGET_NAME)";
				TARGETED_DEVICE_FAMILY = "1,2";
			};
			name = Debug;
		};
		C3948B2F20D57AB3004179C3 /* Release */ = {
			isa = XCBuildConfiguration;
			buildSettings = {
				ASSETCATALOG_COMPILER_APPICON_NAME = AppIcon;
				CODE_SIGN_STYLE = Automatic;
				INFOPLIST_FILE = "Custom-Tip-Calculator/Info.plist";
				LD_RUNPATH_SEARCH_PATHS = (
					"$(inherited)",
					"@executable_path/Frameworks",
				);
				PRODUCT_BUNDLE_IDENTIFIER = "com.ErikGoossens.Custom-Tip-Calculator";
				PRODUCT_NAME = "$(TARGET_NAME)";
				TARGETED_DEVICE_FAMILY = "1,2";
			};
			name = Release;
		};
/* End XCBuildConfiguration section */

/* Begin XCConfigurationList section */
		C3948B1220D57AB1004179C3 /* Build configuration list for PBXProject "Custom-Tip-Calculator" */ = {
			isa = XCConfigurationList;
			buildConfigurations = (
				C3948B2B20D57AB3004179C3 /* Debug */,
				C3948B2C20D57AB3004179C3 /* Release */,
			);
			defaultConfigurationIsVisible = 0;
			defaultConfigurationName = Release;
		};
		C3948B2D20D57AB3004179C3 /* Build configuration list for PBXNativeTarget "Custom-Tip-Calculator" */ = {
			isa = XCConfigurationList;
			buildConfigurations = (
				C3948B2E20D57AB3004179C3 /* Debug */,
				C3948B2F20D57AB3004179C3 /* Release */,
			);
			defaultConfigurationIsVisible = 0;
			defaultConfigurationName = Release;
		};
/* End XCConfigurationList section */
	};
	rootObject = C3948B0F20D57AB1004179C3 /* Project object */;
}
